// !$*UTF8*$!
{
	archiveVersion = 1;
	classes = {
	};
	objectVersion = 46;
	objects = {

/* Begin PBXBuildFile section */
		4F6C932E1C62CF8E00F830E9 /* main.m in Sources */ = {isa = PBXBuildFile; fileRef = 4F6C932D1C62CF8E00F830E9 /* main.m */; };
		4F6C93311C62CF8E00F830E9 /* AppDelegate.m in Sources */ = {isa = PBXBuildFile; fileRef = 4F6C93301C62CF8E00F830E9 /* AppDelegate.m */; };
		4F6C93341C62CF8E00F830E9 /* ViewController.m in Sources */ = {isa = PBXBuildFile; fileRef = 4F6C93331C62CF8E00F830E9 /* ViewController.m */; };
		4F6C93371C62CF8E00F830E9 /* Main.storyboard in Resources */ = {isa = PBXBuildFile; fileRef = 4F6C93351C62CF8E00F830E9 /* Main.storyboard */; };
		4F6C93391C62CF8E00F830E9 /* Assets.xcassets in Resources */ = {isa = PBXBuildFile; fileRef = 4F6C93381C62CF8E00F830E9 /* Assets.xcassets */; };
		4F6C933C1C62CF8E00F830E9 /* LaunchScreen.storyboard in Resources */ = {isa = PBXBuildFile; fileRef = 4F6C933A1C62CF8E00F830E9 /* LaunchScreen.storyboard */; };
		4F6C93471C62CF8E00F830E9 /* EvilFartzTests.m in Sources */ = {isa = PBXBuildFile; fileRef = 4F6C93461C62CF8E00F830E9 /* EvilFartzTests.m */; };
		4F6C93521C62CF8E00F830E9 /* EvilFartzUITests.m in Sources */ = {isa = PBXBuildFile; fileRef = 4F6C93511C62CF8E00F830E9 /* EvilFartzUITests.m */; };
/* End PBXBuildFile section */

/* Begin PBXContainerItemProxy section */
		4F6C93431C62CF8E00F830E9 /* PBXContainerItemProxy */ = {
			isa = PBXContainerItemProxy;
			containerPortal = 4F6C93211C62CF8E00F830E9 /* Project object */;
			proxyType = 1;
			remoteGlobalIDString = 4F6C93281C62CF8E00F830E9;
			remoteInfo = EvilFartz;
		};
		4F6C934E1C62CF8E00F830E9 /* PBXContainerItemProxy */ = {
			isa = PBXContainerItemProxy;
			containerPortal = 4F6C93211C62CF8E00F830E9 /* Project object */;
			proxyType = 1;
			remoteGlobalIDString = 4F6C93281C62CF8E00F830E9;
			remoteInfo = EvilFartz;
		};
/* End PBXContainerItemProxy section */

/* Begin PBXFileReference section */
		4F6C93291C62CF8E00F830E9 /* EvilFartz.app */ = {isa = PBXFileReference; explicitFileType = wrapper.application; includeInIndex = 0; path = EvilFartz.app; sourceTree = BUILT_PRODUCTS_DIR; };
		4F6C932D1C62CF8E00F830E9 /* main.m */ = {isa = PBXFileReference; lastKnownFileType = sourcecode.c.objc; path = main.m; sourceTree = "<group>"; };
		4F6C932F1C62CF8E00F830E9 /* AppDelegate.h */ = {isa = PBXFileReference; lastKnownFileType = sourcecode.c.h; path = AppDelegate.h; sourceTree = "<group>"; };
		4F6C93301C62CF8E00F830E9 /* AppDelegate.m */ = {isa = PBXFileReference; lastKnownFileType = sourcecode.c.objc; path = AppDelegate.m; sourceTree = "<group>"; };
		4F6C93321C62CF8E00F830E9 /* ViewController.h */ = {isa = PBXFileReference; lastKnownFileType = sourcecode.c.h; path = ViewController.h; sourceTree = "<group>"; };
		4F6C93331C62CF8E00F830E9 /* ViewController.m */ = {isa = PBXFileReference; lastKnownFileType = sourcecode.c.objc; path = ViewController.m; sourceTree = "<group>"; };
		4F6C93361C62CF8E00F830E9 /* Base */ = {isa = PBXFileReference; lastKnownFileType = file.storyboard; name = Base; path = Base.lproj/Main.storyboard; sourceTree = "<group>"; };
		4F6C93381C62CF8E00F830E9 /* Assets.xcassets */ = {isa = PBXFileReference; lastKnownFileType = folder.assetcatalog; path = Assets.xcassets; sourceTree = "<group>"; };
		4F6C933B1C62CF8E00F830E9 /* Base */ = {isa = PBXFileReference; lastKnownFileType = file.storyboard; name = Base; path = Base.lproj/LaunchScreen.storyboard; sourceTree = "<group>"; };
		4F6C933D1C62CF8E00F830E9 /* Info.plist */ = {isa = PBXFileReference; lastKnownFileType = text.plist.xml; path = Info.plist; sourceTree = "<group>"; };
		4F6C93421C62CF8E00F830E9 /* EvilFartzTests.xctest */ = {isa = PBXFileReference; explicitFileType = wrapper.cfbundle; includeInIndex = 0; path = EvilFartzTests.xctest; sourceTree = BUILT_PRODUCTS_DIR; };
		4F6C93461C62CF8E00F830E9 /* EvilFartzTests.m */ = {isa = PBXFileReference; lastKnownFileType = sourcecode.c.objc; path = EvilFartzTests.m; sourceTree = "<group>"; };
		4F6C93481C62CF8E00F830E9 /* Info.plist */ = {isa = PBXFileReference; lastKnownFileType = text.plist.xml; path = Info.plist; sourceTree = "<group>"; };
		4F6C934D1C62CF8E00F830E9 /* EvilFartzUITests.xctest */ = {isa = PBXFileReference; explicitFileType = wrapper.cfbundle; includeInIndex = 0; path = EvilFartzUITests.xctest; sourceTree = BUILT_PRODUCTS_DIR; };
		4F6C93511C62CF8E00F830E9 /* EvilFartzUITests.m */ = {isa = PBXFileReference; lastKnownFileType = sourcecode.c.objc; path = EvilFartzUITests.m; sourceTree = "<group>"; };
		4F6C93531C62CF8E00F830E9 /* Info.plist */ = {isa = PBXFileReference; lastKnownFileType = text.plist.xml; path = Info.plist; sourceTree = "<group>"; };
/* End PBXFileReference section */

/* Begin PBXFrameworksBuildPhase section */
		4F6C93261C62CF8E00F830E9 /* Frameworks */ = {
			isa = PBXFrameworksBuildPhase;
			buildActionMask = 2147483647;
			files = (
			);
			runOnlyForDeploymentPostprocessing = 0;
		};
		4F6C933F1C62CF8E00F830E9 /* Frameworks */ = {
			isa = PBXFrameworksBuildPhase;
			buildActionMask = 2147483647;
			files = (
			);
			runOnlyForDeploymentPostprocessing = 0;
		};
		4F6C934A1C62CF8E00F830E9 /* Frameworks */ = {
			isa = PBXFrameworksBuildPhase;
			buildActionMask = 2147483647;
			files = (
			);
			runOnlyForDeploymentPostprocessing = 0;
		};
/* End PBXFrameworksBuildPhase section */

/* Begin PBXGroup section */
		4F6C93201C62CF8E00F830E9 = {
			isa = PBXGroup;
			children = (
				4F6C932B1C62CF8E00F830E9 /* EvilFartz */,
				4F6C93451C62CF8E00F830E9 /* EvilFartzTests */,
				4F6C93501C62CF8E00F830E9 /* EvilFartzUITests */,
				4F6C932A1C62CF8E00F830E9 /* Products */,
			);
			sourceTree = "<group>";
		};
		4F6C932A1C62CF8E00F830E9 /* Products */ = {
			isa = PBXGroup;
			children = (
				4F6C93291C62CF8E00F830E9 /* EvilFartz.app */,
				4F6C93421C62CF8E00F830E9 /* EvilFartzTests.xctest */,
				4F6C934D1C62CF8E00F830E9 /* EvilFartzUITests.xctest */,
			);
			name = Products;
			sourceTree = "<group>";
		};
		4F6C932B1C62CF8E00F830E9 /* EvilFartz */ = {
			isa = PBXGroup;
			children = (
				4F6C932F1C62CF8E00F830E9 /* AppDelegate.h */,
				4F6C93301C62CF8E00F830E9 /* AppDelegate.m */,
				4F6C93321C62CF8E00F830E9 /* ViewController.h */,
				4F6C93331C62CF8E00F830E9 /* ViewController.m */,
				4F6C93351C62CF8E00F830E9 /* Main.storyboard */,
				4F6C93381C62CF8E00F830E9 /* Assets.xcassets */,
				4F6C933A1C62CF8E00F830E9 /* LaunchScreen.storyboard */,
				4F6C933D1C62CF8E00F830E9 /* Info.plist */,
				4F6C932C1C62CF8E00F830E9 /* Supporting Files */,
			);
			path = EvilFartz;
			sourceTree = "<group>";
		};
		4F6C932C1C62CF8E00F830E9 /* Supporting Files */ = {
			isa = PBXGroup;
			children = (
				4F6C932D1C62CF8E00F830E9 /* main.m */,
			);
			name = "Supporting Files";
			sourceTree = "<group>";
		};
		4F6C93451C62CF8E00F830E9 /* EvilFartzTests */ = {
			isa = PBXGroup;
			children = (
				4F6C93461C62CF8E00F830E9 /* EvilFartzTests.m */,
				4F6C93481C62CF8E00F830E9 /* Info.plist */,
			);
			path = EvilFartzTests;
			sourceTree = "<group>";
		};
		4F6C93501C62CF8E00F830E9 /* EvilFartzUITests */ = {
			isa = PBXGroup;
			children = (
				4F6C93511C62CF8E00F830E9 /* EvilFartzUITests.m */,
				4F6C93531C62CF8E00F830E9 /* Info.plist */,
			);
			path = EvilFartzUITests;
			sourceTree = "<group>";
		};
/* End PBXGroup section */

/* Begin PBXNativeTarget section */
		4F6C93281C62CF8E00F830E9 /* EvilFartz */ = {
			isa = PBXNativeTarget;
			buildConfigurationList = 4F6C93561C62CF8E00F830E9 /* Build configuration list for PBXNativeTarget "EvilFartz" */;
			buildPhases = (
				4F6C93251C62CF8E00F830E9 /* Sources */,
				4F6C93261C62CF8E00F830E9 /* Frameworks */,
				4F6C93271C62CF8E00F830E9 /* Resources */,
			);
			buildRules = (
			);
			dependencies = (
			);
			name = EvilFartz;
			productName = EvilFartz;
			productReference = 4F6C93291C62CF8E00F830E9 /* EvilFartz.app */;
			productType = "com.apple.product-type.application";
		};
		4F6C93411C62CF8E00F830E9 /* EvilFartzTests */ = {
			isa = PBXNativeTarget;
			buildConfigurationList = 4F6C93591C62CF8E00F830E9 /* Build configuration list for PBXNativeTarget "EvilFartzTests" */;
			buildPhases = (
				4F6C933E1C62CF8E00F830E9 /* Sources */,
				4F6C933F1C62CF8E00F830E9 /* Frameworks */,
				4F6C93401C62CF8E00F830E9 /* Resources */,
			);
			buildRules = (
			);
			dependencies = (
				4F6C93441C62CF8E00F830E9 /* PBXTargetDependency */,
			);
			name = EvilFartzTests;
			productName = EvilFartzTests;
			productReference = 4F6C93421C62CF8E00F830E9 /* EvilFartzTests.xctest */;
			productType = "com.apple.product-type.bundle.unit-test";
		};
		4F6C934C1C62CF8E00F830E9 /* EvilFartzUITests */ = {
			isa = PBXNativeTarget;
			buildConfigurationList = 4F6C935C1C62CF8E00F830E9 /* Build configuration list for PBXNativeTarget "EvilFartzUITests" */;
			buildPhases = (
				4F6C93491C62CF8E00F830E9 /* Sources */,
				4F6C934A1C62CF8E00F830E9 /* Frameworks */,
				4F6C934B1C62CF8E00F830E9 /* Resources */,
			);
			buildRules = (
			);
			dependencies = (
				4F6C934F1C62CF8E00F830E9 /* PBXTargetDependency */,
			);
			name = EvilFartzUITests;
			productName = EvilFartzUITests;
			productReference = 4F6C934D1C62CF8E00F830E9 /* EvilFartzUITests.xctest */;
			productType = "com.apple.product-type.bundle.ui-testing";
		};
/* End PBXNativeTarget section */

/* Begin PBXProject section */
		4F6C93211C62CF8E00F830E9 /* Project object */ = {
			isa = PBXProject;
			attributes = {
				LastUpgradeCheck = 0720;
				ORGANIZATIONNAME = sjhennion;
				TargetAttributes = {
					4F6C93281C62CF8E00F830E9 = {
						CreatedOnToolsVersion = 7.2;
					};
					4F6C93411C62CF8E00F830E9 = {
						CreatedOnToolsVersion = 7.2;
						TestTargetID = 4F6C93281C62CF8E00F830E9;
					};
					4F6C934C1C62CF8E00F830E9 = {
						CreatedOnToolsVersion = 7.2;
						TestTargetID = 4F6C93281C62CF8E00F830E9;
					};
				};
			};
			buildConfigurationList = 4F6C93241C62CF8E00F830E9 /* Build configuration list for PBXProject "EvilFartz" */;
			compatibilityVersion = "Xcode 3.2";
			developmentRegion = English;
			hasScannedForEncodings = 0;
			knownRegions = (
				en,
				Base,
			);
			mainGroup = 4F6C93201C62CF8E00F830E9;
			productRefGroup = 4F6C932A1C62CF8E00F830E9 /* Products */;
			projectDirPath = "";
			projectRoot = "";
			targets = (
				4F6C93281C62CF8E00F830E9 /* EvilFartz */,
				4F6C93411C62CF8E00F830E9 /* EvilFartzTests */,
				4F6C934C1C62CF8E00F830E9 /* EvilFartzUITests */,
			);
		};
/* End PBXProject section */

/* Begin PBXResourcesBuildPhase section */
		4F6C93271C62CF8E00F830E9 /* Resources */ = {
			isa = PBXResourcesBuildPhase;
			buildActionMask = 2147483647;
			files = (
				4F6C933C1C62CF8E00F830E9 /* LaunchScreen.storyboard in Resources */,
				4F6C93391C62CF8E00F830E9 /* Assets.xcassets in Resources */,
				4F6C93371C62CF8E00F830E9 /* Main.storyboard in Resources */,
			);
			runOnlyForDeploymentPostprocessing = 0;
		};
		4F6C93401C62CF8E00F830E9 /* Resources */ = {
			isa = PBXResourcesBuildPhase;
			buildActionMask = 2147483647;
			files = (
			);
			runOnlyForDeploymentPostprocessing = 0;
		};
		4F6C934B1C62CF8E00F830E9 /* Resources */ = {
			isa = PBXResourcesBuildPhase;
			buildActionMask = 2147483647;
			files = (
			);
			runOnlyForDeploymentPostprocessing = 0;
		};
/* End PBXResourcesBuildPhase section */

/* Begin PBXSourcesBuildPhase section */
		4F6C93251C62CF8E00F830E9 /* Sources */ = {
			isa = PBXSourcesBuildPhase;
			buildActionMask = 2147483647;
			files = (
				4F6C93341C62CF8E00F830E9 /* ViewController.m in Sources */,
				4F6C93311C62CF8E00F830E9 /* AppDelegate.m in Sources */,
				4F6C932E1C62CF8E00F830E9 /* main.m in Sources */,
			);
			runOnlyForDeploymentPostprocessing = 0;
		};
		4F6C933E1C62CF8E00F830E9 /* Sources */ = {
			isa = PBXSourcesBuildPhase;
			buildActionMask = 2147483647;
			files = (
				4F6C93471C62CF8E00F830E9 /* EvilFartzTests.m in Sources */,
			);
			runOnlyForDeploymentPostprocessing = 0;
		};
		4F6C93491C62CF8E00F830E9 /* Sources */ = {
			isa = PBXSourcesBuildPhase;
			buildActionMask = 2147483647;
			files = (
				4F6C93521C62CF8E00F830E9 /* EvilFartzUITests.m in Sources */,
			);
			runOnlyForDeploymentPostprocessing = 0;
		};
/* End PBXSourcesBuildPhase section */

/* Begin PBXTargetDependency section */
		4F6C93441C62CF8E00F830E9 /* PBXTargetDependency */ = {
			isa = PBXTargetDependency;
			target = 4F6C93281C62CF8E00F830E9 /* EvilFartz */;
			targetProxy = 4F6C93431C62CF8E00F830E9 /* PBXContainerItemProxy */;
		};
		4F6C934F1C62CF8E00F830E9 /* PBXTargetDependency */ = {
			isa = PBXTargetDependency;
			target = 4F6C93281C62CF8E00F830E9 /* EvilFartz */;
			targetProxy = 4F6C934E1C62CF8E00F830E9 /* PBXContainerItemProxy */;
		};
/* End PBXTargetDependency section */

/* Begin PBXVariantGroup section */
		4F6C93351C62CF8E00F830E9 /* Main.storyboard */ = {
			isa = PBXVariantGroup;
			children = (
				4F6C93361C62CF8E00F830E9 /* Base */,
			);
			name = Main.storyboard;
			sourceTree = "<group>";
		};
		4F6C933A1C62CF8E00F830E9 /* LaunchScreen.storyboard */ = {
			isa = PBXVariantGroup;
			children = (
				4F6C933B1C62CF8E00F830E9 /* Base */,
			);
			name = LaunchScreen.storyboard;
			sourceTree = "<group>";
		};
/* End PBXVariantGroup section */

/* Begin XCBuildConfiguration section */
		4F6C93541C62CF8E00F830E9 /* Debug */ = {
			isa = XCBuildConfiguration;
			buildSettings = {
				ALWAYS_SEARCH_USER_PATHS = NO;
				CLANG_CXX_LANGUAGE_STANDARD = "gnu++0x";
				CLANG_CXX_LIBRARY = "libc++";
				CLANG_ENABLE_MODULES = YES;
				CLANG_ENABLE_OBJC_ARC = YES;
				CLANG_WARN_BOOL_CONVERSION = YES;
				CLANG_WARN_CONSTANT_CONVERSION = YES;
				CLANG_WARN_DIRECT_OBJC_ISA_USAGE = YES_ERROR;
				CLANG_WARN_EMPTY_BODY = YES;
				CLANG_WARN_ENUM_CONVERSION = YES;
				CLANG_WARN_INT_CONVERSION = YES;
				CLANG_WARN_OBJC_ROOT_CLASS = YES_ERROR;
				CLANG_WARN_UNREACHABLE_CODE = YES;
				CLANG_WARN__DUPLICATE_METHOD_MATCH = YES;
				"CODE_SIGN_IDENTITY[sdk=iphoneos*]" = "iPhone Developer";
				COPY_PHASE_STRIP = NO;
				DEBUG_INFORMATION_FORMAT = dwarf;
				ENABLE_STRICT_OBJC_MSGSEND = YES;
				ENABLE_TESTABILITY = YES;
				GCC_C_LANGUAGE_STANDARD = gnu99;
				GCC_DYNAMIC_NO_PIC = NO;
				GCC_NO_COMMON_BLOCKS = YES;
				GCC_OPTIMIZATION_LEVEL = 0;
				GCC_PREPROCESSOR_DEFINITIONS = (
					"DEBUG=1",
					"$(inherited)",
				);
				GCC_WARN_64_TO_32_BIT_CONVERSION = YES;
				GCC_WARN_ABOUT_RETURN_TYPE = YES_ERROR;
				GCC_WARN_UNDECLARED_SELECTOR = YES;
				GCC_WARN_UNINITIALIZED_AUTOS = YES_AGGRESSIVE;
				GCC_WARN_UNUSED_FUNCTION = YES;
				GCC_WARN_UNUSED_VARIABLE = YES;
				IPHONEOS_DEPLOYMENT_TARGET = 9.2;
				MTL_ENABLE_DEBUG_INFO = YES;
				ONLY_ACTIVE_ARCH = YES;
				SDKROOT = iphoneos;
				TARGETED_DEVICE_FAMILY = "1,2";
			};
			name = Debug;
		};
		4F6C93551C62CF8E00F830E9 /* Release */ = {
			isa = XCBuildConfiguration;
			buildSettings = {
				ALWAYS_SEARCH_USER_PATHS = NO;
				CLANG_CXX_LANGUAGE_STANDARD = "gnu++0x";
				CLANG_CXX_LIBRARY = "libc++";
				CLANG_ENABLE_MODULES = YES;
				CLANG_ENABLE_OBJC_ARC = YES;
				CLANG_WARN_BOOL_CONVERSION = YES;
				CLANG_WARN_CONSTANT_CONVERSION = YES;
				CLANG_WARN_DIRECT_OBJC_ISA_USAGE = YES_ERROR;
				CLANG_WARN_EMPTY_BODY = YES;
				CLANG_WARN_ENUM_CONVERSION = YES;
				CLANG_WARN_INT_CONVERSION = YES;
				CLANG_WARN_OBJC_ROOT_CLASS = YES_ERROR;
				CLANG_WARN_UNREACHABLE_CODE = YES;
				CLANG_WARN__DUPLICATE_METHOD_MATCH = YES;
				"CODE_SIGN_IDENTITY[sdk=iphoneos*]" = "iPhone Developer";
				COPY_PHASE_STRIP = NO;
				DEBUG_INFORMATION_FORMAT = "dwarf-with-dsym";
				ENABLE_NS_ASSERTIONS = NO;
				ENABLE_STRICT_OBJC_MSGSEND = YES;
				GCC_C_LANGUAGE_STANDARD = gnu99;
				GCC_NO_COMMON_BLOCKS = YES;
				GCC_WARN_64_TO_32_BIT_CONVERSION = YES;
				GCC_WARN_ABOUT_RETURN_TYPE = YES_ERROR;
				GCC_WARN_UNDECLARED_SELECTOR = YES;
				GCC_WARN_UNINITIALIZED_AUTOS = YES_AGGRESSIVE;
				GCC_WARN_UNUSED_FUNCTION = YES;
				GCC_WARN_UNUSED_VARIABLE = YES;
				IPHONEOS_DEPLOYMENT_TARGET = 9.2;
				MTL_ENABLE_DEBUG_INFO = NO;
				SDKROOT = iphoneos;
				TARGETED_DEVICE_FAMILY = "1,2";
				VALIDATE_PRODUCT = YES;
			};
			name = Release;
		};
		4F6C93571C62CF8E00F830E9 /* Debug */ = {
			isa = XCBuildConfiguration;
			buildSettings = {
				ASSETCATALOG_COMPILER_APPICON_NAME = AppIcon;
				INFOPLIST_FILE = EvilFartz/Info.plist;
				LD_RUNPATH_SEARCH_PATHS = "$(inherited) @executable_path/Frameworks";
				PRODUCT_BUNDLE_IDENTIFIER = com.sjhennion.EvilFartz;
				PRODUCT_NAME = "$(TARGET_NAME)";
			};
			name = Debug;
		};
		4F6C93581C62CF8E00F830E9 /* Release */ = {
			isa = XCBuildConfiguration;
			buildSettings = {
				ASSETCATALOG_COMPILER_APPICON_NAME = AppIcon;
				INFOPLIST_FILE = EvilFartz/Info.plist;
				LD_RUNPATH_SEARCH_PATHS = "$(inherited) @executable_path/Frameworks";
				PRODUCT_BUNDLE_IDENTIFIER = com.sjhennion.EvilFartz;
				PRODUCT_NAME = "$(TARGET_NAME)";
			};
			name = Release;
		};
		4F6C935A1C62CF8E00F830E9 /* Debug */ = {
			isa = XCBuildConfiguration;
			buildSettings = {
				BUNDLE_LOADER = "$(TEST_HOST)";
				INFOPLIST_FILE = EvilFartzTests/Info.plist;
				LD_RUNPATH_SEARCH_PATHS = "$(inherited) @executable_path/Frameworks @loader_path/Frameworks";
				PRODUCT_BUNDLE_IDENTIFIER = com.sjhennion.EvilFartzTests;
				PRODUCT_NAME = "$(TARGET_NAME)";
				TEST_HOST = "$(BUILT_PRODUCTS_DIR)/EvilFartz.app/EvilFartz";
			};
			name = Debug;
		};
		4F6C935B1C62CF8E00F830E9 /* Release */ = {
			isa = XCBuildConfiguration;
			buildSettings = {
				BUNDLE_LOADER = "$(TEST_HOST)";
				INFOPLIST_FILE = EvilFartzTests/Info.plist;
				LD_RUNPATH_SEARCH_PATHS = "$(inherited) @executable_path/Frameworks @loader_path/Frameworks";
				PRODUCT_BUNDLE_IDENTIFIER = com.sjhennion.EvilFartzTests;
				PRODUCT_NAME = "$(TARGET_NAME)";
				TEST_HOST = "$(BUILT_PRODUCTS_DIR)/EvilFartz.app/EvilFartz";
			};
			name = Release;
		};
		4F6C935D1C62CF8E00F830E9 /* Debug */ = {
			isa = XCBuildConfiguration;
			buildSettings = {
				INFOPLIST_FILE = EvilFartzUITests/Info.plist;
				LD_RUNPATH_SEARCH_PATHS = "$(inherited) @executable_path/Frameworks @loader_path/Frameworks";
				PRODUCT_BUNDLE_IDENTIFIER = com.sjhennion.EvilFartzUITests;
				PRODUCT_NAME = "$(TARGET_NAME)";
				TEST_TARGET_NAME = EvilFartz;
				USES_XCTRUNNER = YES;
			};
			name = Debug;
		};
		4F6C935E1C62CF8E00F830E9 /* Release */ = {
			isa = XCBuildConfiguration;
			buildSettings = {
				INFOPLIST_FILE = EvilFartzUITests/Info.plist;
				LD_RUNPATH_SEARCH_PATHS = "$(inherited) @executable_path/Frameworks @loader_path/Frameworks";
				PRODUCT_BUNDLE_IDENTIFIER = com.sjhennion.EvilFartzUITests;
				PRODUCT_NAME = "$(TARGET_NAME)";
				TEST_TARGET_NAME = EvilFartz;
				USES_XCTRUNNER = YES;
			};
			name = Release;
		};
/* End XCBuildConfiguration section */

/* Begin XCConfigurationList section */
		4F6C93241C62CF8E00F830E9 /* Build configuration list for PBXProject "EvilFartz" */ = {
			isa = XCConfigurationList;
			buildConfigurations = (
				4F6C93541C62CF8E00F830E9 /* Debug */,
				4F6C93551C62CF8E00F830E9 /* Release */,
			);
			defaultConfigurationIsVisible = 0;
			defaultConfigurationName = Release;
		};
		4F6C93561C62CF8E00F830E9 /* Build configuration list for PBXNativeTarget "EvilFartz" */ = {
			isa = XCConfigurationList;
			buildConfigurations = (
				4F6C93571C62CF8E00F830E9 /* Debug */,
				4F6C93581C62CF8E00F830E9 /* Release */,
			);
			defaultConfigurationIsVisible = 0;
		};
		4F6C93591C62CF8E00F830E9 /* Build configuration list for PBXNativeTarget "EvilFartzTests" */ = {
			isa = XCConfigurationList;
			buildConfigurations = (
				4F6C935A1C62CF8E00F830E9 /* Debug */,
				4F6C935B1C62CF8E00F830E9 /* Release */,
			);
			defaultConfigurationIsVisible = 0;
		};
		4F6C935C1C62CF8E00F830E9 /* Build configuration list for PBXNativeTarget "EvilFartzUITests" */ = {
			isa = XCConfigurationList;
			buildConfigurations = (
				4F6C935D1C62CF8E00F830E9 /* Debug */,
				4F6C935E1C62CF8E00F830E9 /* Release */,
			);
			defaultConfigurationIsVisible = 0;
		};
/* End XCConfigurationList section */
	};
	rootObject = 4F6C93211C62CF8E00F830E9 /* Project object */;
}
