// !$*UTF8*$!
{
	archiveVersion = 1;
	classes = {
	};
	objectVersion = 46;
	objects = {

/* Begin PBXBuildFile section */
		4F4775341C66C2F600315C01 /* ActivePlayer.m in Sources */ = {isa = PBXBuildFile; fileRef = 4F4775331C66C2F600315C01 /* ActivePlayer.m */; };
		4F6C932E1C62CF8E00F830E9 /* main.m in Sources */ = {isa = PBXBuildFile; fileRef = 4F6C932D1C62CF8E00F830E9 /* main.m */; };
		4F6C93311C62CF8E00F830E9 /* AppDelegate.m in Sources */ = {isa = PBXBuildFile; fileRef = 4F6C93301C62CF8E00F830E9 /* AppDelegate.m */; };
		4F6C93341C62CF8E00F830E9 /* ViewController.m in Sources */ = {isa = PBXBuildFile; fileRef = 4F6C93331C62CF8E00F830E9 /* ViewController.m */; };
		4F6C93371C62CF8E00F830E9 /* Main.storyboard in Resources */ = {isa = PBXBuildFile; fileRef = 4F6C93351C62CF8E00F830E9 /* Main.storyboard */; };
		4F6C93391C62CF8E00F830E9 /* Assets.xcassets in Resources */ = {isa = PBXBuildFile; fileRef = 4F6C93381C62CF8E00F830E9 /* Assets.xcassets */; };
		4F6C933C1C62CF8E00F830E9 /* LaunchScreen.storyboard in Resources */ = {isa = PBXBuildFile; fileRef = 4F6C933A1C62CF8E00F830E9 /* LaunchScreen.storyboard */; };
		4F6C93471C62CF8E00F830E9 /* EvilFartzTests.m in Sources */ = {isa = PBXBuildFile; fileRef = 4F6C93461C62CF8E00F830E9 /* EvilFartzTests.m */; };
		4F6C93521C62CF8E00F830E9 /* EvilFartzUITests.m in Sources */ = {isa = PBXBuildFile; fileRef = 4F6C93511C62CF8E00F830E9 /* EvilFartzUITests.m */; };
		4F6C93611C62CFE000F830E9 /* SoundManager.m in Sources */ = {isa = PBXBuildFile; fileRef = 4F6C93601C62CFE000F830E9 /* SoundManager.m */; };
		4F6C937E1C62D0BB00F830E9 /* achievement.wav in Resources */ = {isa = PBXBuildFile; fileRef = 4F6C93641C62D0BB00F830E9 /* achievement.wav */; };
		4F6C937F1C62D0BB00F830E9 /* ahh-nicely.mp3 in Resources */ = {isa = PBXBuildFile; fileRef = 4F6C93651C62D0BB00F830E9 /* ahh-nicely.mp3 */; };
		4F6C93801C62D0BB00F830E9 /* boo.mp3 in Resources */ = {isa = PBXBuildFile; fileRef = 4F6C93661C62D0BB00F830E9 /* boo.mp3 */; };
		4F6C93811C62D0BB00F830E9 /* bubble.wav in Resources */ = {isa = PBXBuildFile; fileRef = 4F6C93671C62D0BB00F830E9 /* bubble.wav */; };
		4F6C93821C62D0BB00F830E9 /* bubble1.wav in Resources */ = {isa = PBXBuildFile; fileRef = 4F6C93681C62D0BB00F830E9 /* bubble1.wav */; };
		4F6C93831C62D0BB00F830E9 /* cake-full.aif in Resources */ = {isa = PBXBuildFile; fileRef = 4F6C93691C62D0BB00F830E9 /* cake-full.aif */; };
		4F6C93841C62D0BB00F830E9 /* chat_incoming.mp3 in Resources */ = {isa = PBXBuildFile; fileRef = 4F6C936A1C62D0BB00F830E9 /* chat_incoming.mp3 */; };
		4F6C93851C62D0BB00F830E9 /* click0.mp3 in Resources */ = {isa = PBXBuildFile; fileRef = 4F6C936B1C62D0BB00F830E9 /* click0.mp3 */; };
		4F6C93861C62D0BB00F830E9 /* click1.mp3 in Resources */ = {isa = PBXBuildFile; fileRef = 4F6C936C1C62D0BB00F830E9 /* click1.mp3 */; };
		4F6C93871C62D0BB00F830E9 /* doom.mp3 in Resources */ = {isa = PBXBuildFile; fileRef = 4F6C936D1C62D0BB00F830E9 /* doom.mp3 */; };
		4F6C93881C62D0BB00F830E9 /* drumroll.mp3 in Resources */ = {isa = PBXBuildFile; fileRef = 4F6C936E1C62D0BB00F830E9 /* drumroll.mp3 */; };
		4F6C93891C62D0BB00F830E9 /* elevator-badspeakers.mp3 in Resources */ = {isa = PBXBuildFile; fileRef = 4F6C936F1C62D0BB00F830E9 /* elevator-badspeakers.mp3 */; };
		4F6C938A1C62D0BB00F830E9 /* gavel.mp3 in Resources */ = {isa = PBXBuildFile; fileRef = 4F6C93701C62D0BB00F830E9 /* gavel.mp3 */; };
		4F6C938B1C62D0BB00F830E9 /* ho.mp3 in Resources */ = {isa = PBXBuildFile; fileRef = 4F6C93711C62D0BB00F830E9 /* ho.mp3 */; };
		4F6C938C1C62D0BB00F830E9 /* laser-prep-reverse.mp3 in Resources */ = {isa = PBXBuildFile; fileRef = 4F6C93721C62D0BB00F830E9 /* laser-prep-reverse.mp3 */; };
		4F6C938D1C62D0BB00F830E9 /* laser-prep.mp3 in Resources */ = {isa = PBXBuildFile; fileRef = 4F6C93731C62D0BB00F830E9 /* laser-prep.mp3 */; };
		4F6C938E1C62D0BB00F830E9 /* ninja-sword.mp3 in Resources */ = {isa = PBXBuildFile; fileRef = 4F6C93741C62D0BB00F830E9 /* ninja-sword.mp3 */; };
		4F6C938F1C62D0BB00F830E9 /* ninja-whack.mp3 in Resources */ = {isa = PBXBuildFile; fileRef = 4F6C93751C62D0BB00F830E9 /* ninja-whack.mp3 */; };
		4F6C93901C62D0BB00F830E9 /* ninja-whoosh.mp3 in Resources */ = {isa = PBXBuildFile; fileRef = 4F6C93761C62D0BB00F830E9 /* ninja-whoosh.mp3 */; };
		4F6C93911C62D0BB00F830E9 /* notice.mp3 in Resources */ = {isa = PBXBuildFile; fileRef = 4F6C93771C62D0BB00F830E9 /* notice.mp3 */; };
		4F6C93921C62D0BB00F830E9 /* sad-trombone.aiff in Resources */ = {isa = PBXBuildFile; fileRef = 4F6C93781C62D0BB00F830E9 /* sad-trombone.aiff */; };
		4F6C93931C62D0BB00F830E9 /* select-classic.wav in Resources */ = {isa = PBXBuildFile; fileRef = 4F6C93791C62D0BB00F830E9 /* select-classic.wav */; };
		4F6C93941C62D0BB00F830E9 /* small-applause.mp3 in Resources */ = {isa = PBXBuildFile; fileRef = 4F6C937A1C62D0BB00F830E9 /* small-applause.mp3 */; };
		4F6C93951C62D0BB00F830E9 /* sonar.mp3 in Resources */ = {isa = PBXBuildFile; fileRef = 4F6C937B1C62D0BB00F830E9 /* sonar.mp3 */; };
		4F6C93961C62D0BB00F830E9 /* start-echo.mp3 in Resources */ = {isa = PBXBuildFile; fileRef = 4F6C937C1C62D0BB00F830E9 /* start-echo.mp3 */; };
		4F6C93971C62D0BB00F830E9 /* whoosh.mp3 in Resources */ = {isa = PBXBuildFile; fileRef = 4F6C937D1C62D0BB00F830E9 /* whoosh.mp3 */; };
		4F6C93A21C62D7DB00F830E9 /* AVFoundation.framework in Frameworks */ = {isa = PBXBuildFile; fileRef = 4F6C93A11C62D7DB00F830E9 /* AVFoundation.framework */; };
		4FCB973F1C66820400A09C8A /* ControlView.m in Sources */ = {isa = PBXBuildFile; fileRef = 4FCB973E1C66820400A09C8A /* ControlView.m */; };
		4FCB97421C6699CF00A09C8A /* FileNameTableViewController.m in Sources */ = {isa = PBXBuildFile; fileRef = 4FCB97411C6699CF00A09C8A /* FileNameTableViewController.m */; };
		4FCB97451C669B0900A09C8A /* ActiveSoundsTableViewController.m in Sources */ = {isa = PBXBuildFile; fileRef = 4FCB97441C669B0900A09C8A /* ActiveSoundsTableViewController.m */; };
/* End PBXBuildFile section */

/* Begin PBXContainerItemProxy section */
		4F6C93431C62CF8E00F830E9 /* PBXContainerItemProxy */ = {
			isa = PBXContainerItemProxy;
			containerPortal = 4F6C93211C62CF8E00F830E9 /* Project object */;
			proxyType = 1;
			remoteGlobalIDString = 4F6C93281C62CF8E00F830E9;
			remoteInfo = EvilFartz;
		};
		4F6C934E1C62CF8E00F830E9 /* PBXContainerItemProxy */ = {
			isa = PBXContainerItemProxy;
			containerPortal = 4F6C93211C62CF8E00F830E9 /* Project object */;
			proxyType = 1;
			remoteGlobalIDString = 4F6C93281C62CF8E00F830E9;
			remoteInfo = EvilFartz;
		};
/* End PBXContainerItemProxy section */

/* Begin PBXFileReference section */
		4F4775321C66C2F600315C01 /* ActivePlayer.h */ = {isa = PBXFileReference; fileEncoding = 4; lastKnownFileType = sourcecode.c.h; path = ActivePlayer.h; sourceTree = "<group>"; };
		4F4775331C66C2F600315C01 /* ActivePlayer.m */ = {isa = PBXFileReference; fileEncoding = 4; lastKnownFileType = sourcecode.c.objc; path = ActivePlayer.m; sourceTree = "<group>"; };
		4F6C93291C62CF8E00F830E9 /* EvilFartz.app */ = {isa = PBXFileReference; explicitFileType = wrapper.application; includeInIndex = 0; path = EvilFartz.app; sourceTree = BUILT_PRODUCTS_DIR; };
		4F6C932D1C62CF8E00F830E9 /* main.m */ = {isa = PBXFileReference; lastKnownFileType = sourcecode.c.objc; path = main.m; sourceTree = "<group>"; };
		4F6C932F1C62CF8E00F830E9 /* AppDelegate.h */ = {isa = PBXFileReference; lastKnownFileType = sourcecode.c.h; path = AppDelegate.h; sourceTree = "<group>"; };
		4F6C93301C62CF8E00F830E9 /* AppDelegate.m */ = {isa = PBXFileReference; lastKnownFileType = sourcecode.c.objc; path = AppDelegate.m; sourceTree = "<group>"; };
		4F6C93321C62CF8E00F830E9 /* ViewController.h */ = {isa = PBXFileReference; lastKnownFileType = sourcecode.c.h; path = ViewController.h; sourceTree = "<group>"; };
		4F6C93331C62CF8E00F830E9 /* ViewController.m */ = {isa = PBXFileReference; lastKnownFileType = sourcecode.c.objc; path = ViewController.m; sourceTree = "<group>"; };
		4F6C93361C62CF8E00F830E9 /* Base */ = {isa = PBXFileReference; lastKnownFileType = file.storyboard; name = Base; path = Base.lproj/Main.storyboard; sourceTree = "<group>"; };
		4F6C93381C62CF8E00F830E9 /* Assets.xcassets */ = {isa = PBXFileReference; lastKnownFileType = folder.assetcatalog; path = Assets.xcassets; sourceTree = "<group>"; };
		4F6C933B1C62CF8E00F830E9 /* Base */ = {isa = PBXFileReference; lastKnownFileType = file.storyboard; name = Base; path = Base.lproj/LaunchScreen.storyboard; sourceTree = "<group>"; };
		4F6C933D1C62CF8E00F830E9 /* Info.plist */ = {isa = PBXFileReference; lastKnownFileType = text.plist.xml; path = Info.plist; sourceTree = "<group>"; };
		4F6C93421C62CF8E00F830E9 /* EvilFartzTests.xctest */ = {isa = PBXFileReference; explicitFileType = wrapper.cfbundle; includeInIndex = 0; path = EvilFartzTests.xctest; sourceTree = BUILT_PRODUCTS_DIR; };
		4F6C93461C62CF8E00F830E9 /* EvilFartzTests.m */ = {isa = PBXFileReference; lastKnownFileType = sourcecode.c.objc; path = EvilFartzTests.m; sourceTree = "<group>"; };
		4F6C93481C62CF8E00F830E9 /* Info.plist */ = {isa = PBXFileReference; lastKnownFileType = text.plist.xml; path = Info.plist; sourceTree = "<group>"; };
		4F6C934D1C62CF8E00F830E9 /* EvilFartzUITests.xctest */ = {isa = PBXFileReference; explicitFileType = wrapper.cfbundle; includeInIndex = 0; path = EvilFartzUITests.xctest; sourceTree = BUILT_PRODUCTS_DIR; };
		4F6C93511C62CF8E00F830E9 /* EvilFartzUITests.m */ = {isa = PBXFileReference; lastKnownFileType = sourcecode.c.objc; path = EvilFartzUITests.m; sourceTree = "<group>"; };
		4F6C93531C62CF8E00F830E9 /* Info.plist */ = {isa = PBXFileReference; lastKnownFileType = text.plist.xml; path = Info.plist; sourceTree = "<group>"; };
		4F6C935F1C62CFE000F830E9 /* SoundManager.h */ = {isa = PBXFileReference; fileEncoding = 4; lastKnownFileType = sourcecode.c.h; path = SoundManager.h; sourceTree = "<group>"; };
		4F6C93601C62CFE000F830E9 /* SoundManager.m */ = {isa = PBXFileReference; fileEncoding = 4; lastKnownFileType = sourcecode.c.objc; path = SoundManager.m; sourceTree = "<group>"; };
		4F6C93641C62D0BB00F830E9 /* achievement.wav */ = {isa = PBXFileReference; lastKnownFileType = audio.wav; path = achievement.wav; sourceTree = "<group>"; };
		4F6C93651C62D0BB00F830E9 /* ahh-nicely.mp3 */ = {isa = PBXFileReference; lastKnownFileType = audio.mp3; path = "ahh-nicely.mp3"; sourceTree = "<group>"; };
		4F6C93661C62D0BB00F830E9 /* boo.mp3 */ = {isa = PBXFileReference; lastKnownFileType = audio.mp3; path = boo.mp3; sourceTree = "<group>"; };
		4F6C93671C62D0BB00F830E9 /* bubble.wav */ = {isa = PBXFileReference; lastKnownFileType = audio.wav; path = bubble.wav; sourceTree = "<group>"; };
		4F6C93681C62D0BB00F830E9 /* bubble1.wav */ = {isa = PBXFileReference; lastKnownFileType = audio.wav; path = bubble1.wav; sourceTree = "<group>"; };
		4F6C93691C62D0BB00F830E9 /* cake-full.aif */ = {isa = PBXFileReference; lastKnownFileType = file; path = "cake-full.aif"; sourceTree = "<group>"; };
		4F6C936A1C62D0BB00F830E9 /* chat_incoming.mp3 */ = {isa = PBXFileReference; lastKnownFileType = audio.mp3; path = chat_incoming.mp3; sourceTree = "<group>"; };
		4F6C936B1C62D0BB00F830E9 /* click0.mp3 */ = {isa = PBXFileReference; lastKnownFileType = audio.mp3; path = click0.mp3; sourceTree = "<group>"; };
		4F6C936C1C62D0BB00F830E9 /* click1.mp3 */ = {isa = PBXFileReference; lastKnownFileType = audio.mp3; path = click1.mp3; sourceTree = "<group>"; };
		4F6C936D1C62D0BB00F830E9 /* doom.mp3 */ = {isa = PBXFileReference; lastKnownFileType = audio.mp3; path = doom.mp3; sourceTree = "<group>"; };
		4F6C936E1C62D0BB00F830E9 /* drumroll.mp3 */ = {isa = PBXFileReference; lastKnownFileType = audio.mp3; path = drumroll.mp3; sourceTree = "<group>"; };
		4F6C936F1C62D0BB00F830E9 /* elevator-badspeakers.mp3 */ = {isa = PBXFileReference; lastKnownFileType = audio.mp3; path = "elevator-badspeakers.mp3"; sourceTree = "<group>"; };
		4F6C93701C62D0BB00F830E9 /* gavel.mp3 */ = {isa = PBXFileReference; lastKnownFileType = audio.mp3; path = gavel.mp3; sourceTree = "<group>"; };
		4F6C93711C62D0BB00F830E9 /* ho.mp3 */ = {isa = PBXFileReference; lastKnownFileType = audio.mp3; path = ho.mp3; sourceTree = "<group>"; };
		4F6C93721C62D0BB00F830E9 /* laser-prep-reverse.mp3 */ = {isa = PBXFileReference; lastKnownFileType = audio.mp3; path = "laser-prep-reverse.mp3"; sourceTree = "<group>"; };
		4F6C93731C62D0BB00F830E9 /* laser-prep.mp3 */ = {isa = PBXFileReference; lastKnownFileType = audio.mp3; path = "laser-prep.mp3"; sourceTree = "<group>"; };
		4F6C93741C62D0BB00F830E9 /* ninja-sword.mp3 */ = {isa = PBXFileReference; lastKnownFileType = audio.mp3; path = "ninja-sword.mp3"; sourceTree = "<group>"; };
		4F6C93751C62D0BB00F830E9 /* ninja-whack.mp3 */ = {isa = PBXFileReference; lastKnownFileType = audio.mp3; path = "ninja-whack.mp3"; sourceTree = "<group>"; };
		4F6C93761C62D0BB00F830E9 /* ninja-whoosh.mp3 */ = {isa = PBXFileReference; lastKnownFileType = audio.mp3; path = "ninja-whoosh.mp3"; sourceTree = "<group>"; };
		4F6C93771C62D0BB00F830E9 /* notice.mp3 */ = {isa = PBXFileReference; lastKnownFileType = audio.mp3; path = notice.mp3; sourceTree = "<group>"; };
		4F6C93781C62D0BB00F830E9 /* sad-trombone.aiff */ = {isa = PBXFileReference; lastKnownFileType = audio.aiff; path = "sad-trombone.aiff"; sourceTree = "<group>"; };
		4F6C93791C62D0BB00F830E9 /* select-classic.wav */ = {isa = PBXFileReference; lastKnownFileType = audio.wav; path = "select-classic.wav"; sourceTree = "<group>"; };
		4F6C937A1C62D0BB00F830E9 /* small-applause.mp3 */ = {isa = PBXFileReference; lastKnownFileType = audio.mp3; path = "small-applause.mp3"; sourceTree = "<group>"; };
		4F6C937B1C62D0BB00F830E9 /* sonar.mp3 */ = {isa = PBXFileReference; lastKnownFileType = audio.mp3; path = sonar.mp3; sourceTree = "<group>"; };
		4F6C937C1C62D0BB00F830E9 /* start-echo.mp3 */ = {isa = PBXFileReference; lastKnownFileType = audio.mp3; path = "start-echo.mp3"; sourceTree = "<group>"; };
		4F6C937D1C62D0BB00F830E9 /* whoosh.mp3 */ = {isa = PBXFileReference; lastKnownFileType = audio.mp3; path = whoosh.mp3; sourceTree = "<group>"; };
		4F6C93A11C62D7DB00F830E9 /* AVFoundation.framework */ = {isa = PBXFileReference; lastKnownFileType = wrapper.framework; name = AVFoundation.framework; path = System/Library/Frameworks/AVFoundation.framework; sourceTree = SDKROOT; };
		4FCB973D1C66820400A09C8A /* ControlView.h */ = {isa = PBXFileReference; fileEncoding = 4; lastKnownFileType = sourcecode.c.h; path = ControlView.h; sourceTree = "<group>"; };
		4FCB973E1C66820400A09C8A /* ControlView.m */ = {isa = PBXFileReference; fileEncoding = 4; lastKnownFileType = sourcecode.c.objc; path = ControlView.m; sourceTree = "<group>"; };
		4FCB97401C6699CF00A09C8A /* FileNameTableViewController.h */ = {isa = PBXFileReference; fileEncoding = 4; lastKnownFileType = sourcecode.c.h; path = FileNameTableViewController.h; sourceTree = "<group>"; };
		4FCB97411C6699CF00A09C8A /* FileNameTableViewController.m */ = {isa = PBXFileReference; fileEncoding = 4; lastKnownFileType = sourcecode.c.objc; path = FileNameTableViewController.m; sourceTree = "<group>"; };
		4FCB97431C669B0900A09C8A /* ActiveSoundsTableViewController.h */ = {isa = PBXFileReference; fileEncoding = 4; lastKnownFileType = sourcecode.c.h; path = ActiveSoundsTableViewController.h; sourceTree = "<group>"; };
		4FCB97441C669B0900A09C8A /* ActiveSoundsTableViewController.m */ = {isa = PBXFileReference; fileEncoding = 4; lastKnownFileType = sourcecode.c.objc; path = ActiveSoundsTableViewController.m; sourceTree = "<group>"; };
/* End PBXFileReference section */

/* Begin PBXFrameworksBuildPhase section */
		4F6C93261C62CF8E00F830E9 /* Frameworks */ = {
			isa = PBXFrameworksBuildPhase;
			buildActionMask = 2147483647;
			files = (
				4F6C93A21C62D7DB00F830E9 /* AVFoundation.framework in Frameworks */,
			);
			runOnlyForDeploymentPostprocessing = 0;
		};
		4F6C933F1C62CF8E00F830E9 /* Frameworks */ = {
			isa = PBXFrameworksBuildPhase;
			buildActionMask = 2147483647;
			files = (
			);
			runOnlyForDeploymentPostprocessing = 0;
		};
		4F6C934A1C62CF8E00F830E9 /* Frameworks */ = {
			isa = PBXFrameworksBuildPhase;
			buildActionMask = 2147483647;
			files = (
			);
			runOnlyForDeploymentPostprocessing = 0;
		};
/* End PBXFrameworksBuildPhase section */

/* Begin PBXGroup section */
		4F6C93201C62CF8E00F830E9 = {
			isa = PBXGroup;
			children = (
				4F6C93A11C62D7DB00F830E9 /* AVFoundation.framework */,
				4F6C932B1C62CF8E00F830E9 /* EvilFartz */,
				4F6C93451C62CF8E00F830E9 /* EvilFartzTests */,
				4F6C93501C62CF8E00F830E9 /* EvilFartzUITests */,
				4F6C932A1C62CF8E00F830E9 /* Products */,
			);
			sourceTree = "<group>";
		};
		4F6C932A1C62CF8E00F830E9 /* Products */ = {
			isa = PBXGroup;
			children = (
				4F6C93291C62CF8E00F830E9 /* EvilFartz.app */,
				4F6C93421C62CF8E00F830E9 /* EvilFartzTests.xctest */,
				4F6C934D1C62CF8E00F830E9 /* EvilFartzUITests.xctest */,
			);
			name = Products;
			sourceTree = "<group>";
		};
		4F6C932B1C62CF8E00F830E9 /* EvilFartz */ = {
			isa = PBXGroup;
			children = (
				4FCB97461C669B6300A09C8A /* View */,
				4F6C93621C62D0A000F830E9 /* Resources */,
				4F6C932F1C62CF8E00F830E9 /* AppDelegate.h */,
				4F6C93301C62CF8E00F830E9 /* AppDelegate.m */,
				4F6C93321C62CF8E00F830E9 /* ViewController.h */,
				4F6C93331C62CF8E00F830E9 /* ViewController.m */,
				4F6C93351C62CF8E00F830E9 /* Main.storyboard */,
				4F6C93381C62CF8E00F830E9 /* Assets.xcassets */,
				4F6C933A1C62CF8E00F830E9 /* LaunchScreen.storyboard */,
				4F6C933D1C62CF8E00F830E9 /* Info.plist */,
				4F6C932C1C62CF8E00F830E9 /* Supporting Files */,
				4F6C935F1C62CFE000F830E9 /* SoundManager.h */,
				4F6C93601C62CFE000F830E9 /* SoundManager.m */,
				4F4775321C66C2F600315C01 /* ActivePlayer.h */,
				4F4775331C66C2F600315C01 /* ActivePlayer.m */,
			);
			path = EvilFartz;
			sourceTree = "<group>";
		};
		4F6C932C1C62CF8E00F830E9 /* Supporting Files */ = {
			isa = PBXGroup;
			children = (
				4F6C932D1C62CF8E00F830E9 /* main.m */,
			);
			name = "Supporting Files";
			sourceTree = "<group>";
		};
		4F6C93451C62CF8E00F830E9 /* EvilFartzTests */ = {
			isa = PBXGroup;
			children = (
				4F6C93461C62CF8E00F830E9 /* EvilFartzTests.m */,
				4F6C93481C62CF8E00F830E9 /* Info.plist */,
			);
			path = EvilFartzTests;
			sourceTree = "<group>";
		};
		4F6C93501C62CF8E00F830E9 /* EvilFartzUITests */ = {
			isa = PBXGroup;
			children = (
				4F6C93511C62CF8E00F830E9 /* EvilFartzUITests.m */,
				4F6C93531C62CF8E00F830E9 /* Info.plist */,
			);
			path = EvilFartzUITests;
			sourceTree = "<group>";
		};
		4F6C93621C62D0A000F830E9 /* Resources */ = {
			isa = PBXGroup;
			children = (
				4F6C93631C62D0A800F830E9 /* Sounds */,
			);
			name = Resources;
			sourceTree = "<group>";
		};
		4F6C93631C62D0A800F830E9 /* Sounds */ = {
			isa = PBXGroup;
			children = (
				4F6C93641C62D0BB00F830E9 /* achievement.wav */,
				4F6C93651C62D0BB00F830E9 /* ahh-nicely.mp3 */,
				4F6C93661C62D0BB00F830E9 /* boo.mp3 */,
				4F6C93671C62D0BB00F830E9 /* bubble.wav */,
				4F6C93681C62D0BB00F830E9 /* bubble1.wav */,
				4F6C93691C62D0BB00F830E9 /* cake-full.aif */,
				4F6C936A1C62D0BB00F830E9 /* chat_incoming.mp3 */,
				4F6C936B1C62D0BB00F830E9 /* click0.mp3 */,
				4F6C936C1C62D0BB00F830E9 /* click1.mp3 */,
				4F6C936D1C62D0BB00F830E9 /* doom.mp3 */,
				4F6C936E1C62D0BB00F830E9 /* drumroll.mp3 */,
				4F6C936F1C62D0BB00F830E9 /* elevator-badspeakers.mp3 */,
				4F6C93701C62D0BB00F830E9 /* gavel.mp3 */,
				4F6C93711C62D0BB00F830E9 /* ho.mp3 */,
				4F6C93721C62D0BB00F830E9 /* laser-prep-reverse.mp3 */,
				4F6C93731C62D0BB00F830E9 /* laser-prep.mp3 */,
				4F6C93741C62D0BB00F830E9 /* ninja-sword.mp3 */,
				4F6C93751C62D0BB00F830E9 /* ninja-whack.mp3 */,
				4F6C93761C62D0BB00F830E9 /* ninja-whoosh.mp3 */,
				4F6C93771C62D0BB00F830E9 /* notice.mp3 */,
				4F6C93781C62D0BB00F830E9 /* sad-trombone.aiff */,
				4F6C93791C62D0BB00F830E9 /* select-classic.wav */,
				4F6C937A1C62D0BB00F830E9 /* small-applause.mp3 */,
				4F6C937B1C62D0BB00F830E9 /* sonar.mp3 */,
				4F6C937C1C62D0BB00F830E9 /* start-echo.mp3 */,
				4F6C937D1C62D0BB00F830E9 /* whoosh.mp3 */,
			);
			name = Sounds;
			sourceTree = "<group>";
		};
		4FCB97461C669B6300A09C8A /* View */ = {
			isa = PBXGroup;
			children = (
				4FCB973D1C66820400A09C8A /* ControlView.h */,
				4FCB973E1C66820400A09C8A /* ControlView.m */,
				4FCB97401C6699CF00A09C8A /* FileNameTableViewController.h */,
				4FCB97411C6699CF00A09C8A /* FileNameTableViewController.m */,
				4FCB97431C669B0900A09C8A /* ActiveSoundsTableViewController.h */,
				4FCB97441C669B0900A09C8A /* ActiveSoundsTableViewController.m */,
			);
			name = View;
			sourceTree = "<group>";
		};
/* End PBXGroup section */

/* Begin PBXNativeTarget section */
		4F6C93281C62CF8E00F830E9 /* EvilFartz */ = {
			isa = PBXNativeTarget;
			buildConfigurationList = 4F6C93561C62CF8E00F830E9 /* Build configuration list for PBXNativeTarget "EvilFartz" */;
			buildPhases = (
				4F6C93251C62CF8E00F830E9 /* Sources */,
				4F6C93261C62CF8E00F830E9 /* Frameworks */,
				4F6C93271C62CF8E00F830E9 /* Resources */,
			);
			buildRules = (
			);
			dependencies = (
			);
			name = EvilFartz;
			productName = EvilFartz;
			productReference = 4F6C93291C62CF8E00F830E9 /* EvilFartz.app */;
			productType = "com.apple.product-type.application";
		};
		4F6C93411C62CF8E00F830E9 /* EvilFartzTests */ = {
			isa = PBXNativeTarget;
			buildConfigurationList = 4F6C93591C62CF8E00F830E9 /* Build configuration list for PBXNativeTarget "EvilFartzTests" */;
			buildPhases = (
				4F6C933E1C62CF8E00F830E9 /* Sources */,
				4F6C933F1C62CF8E00F830E9 /* Frameworks */,
				4F6C93401C62CF8E00F830E9 /* Resources */,
			);
			buildRules = (
			);
			dependencies = (
				4F6C93441C62CF8E00F830E9 /* PBXTargetDependency */,
			);
			name = EvilFartzTests;
			productName = EvilFartzTests;
			productReference = 4F6C93421C62CF8E00F830E9 /* EvilFartzTests.xctest */;
			productType = "com.apple.product-type.bundle.unit-test";
		};
		4F6C934C1C62CF8E00F830E9 /* EvilFartzUITests */ = {
			isa = PBXNativeTarget;
			buildConfigurationList = 4F6C935C1C62CF8E00F830E9 /* Build configuration list for PBXNativeTarget "EvilFartzUITests" */;
			buildPhases = (
				4F6C93491C62CF8E00F830E9 /* Sources */,
				4F6C934A1C62CF8E00F830E9 /* Frameworks */,
				4F6C934B1C62CF8E00F830E9 /* Resources */,
			);
			buildRules = (
			);
			dependencies = (
				4F6C934F1C62CF8E00F830E9 /* PBXTargetDependency */,
			);
			name = EvilFartzUITests;
			productName = EvilFartzUITests;
			productReference = 4F6C934D1C62CF8E00F830E9 /* EvilFartzUITests.xctest */;
			productType = "com.apple.product-type.bundle.ui-testing";
		};
/* End PBXNativeTarget section */

/* Begin PBXProject section */
		4F6C93211C62CF8E00F830E9 /* Project object */ = {
			isa = PBXProject;
			attributes = {
				LastUpgradeCheck = 0720;
				ORGANIZATIONNAME = sjhennion;
				TargetAttributes = {
					4F6C93281C62CF8E00F830E9 = {
						CreatedOnToolsVersion = 7.2;
					};
					4F6C93411C62CF8E00F830E9 = {
						CreatedOnToolsVersion = 7.2;
						TestTargetID = 4F6C93281C62CF8E00F830E9;
					};
					4F6C934C1C62CF8E00F830E9 = {
						CreatedOnToolsVersion = 7.2;
						TestTargetID = 4F6C93281C62CF8E00F830E9;
					};
				};
			};
			buildConfigurationList = 4F6C93241C62CF8E00F830E9 /* Build configuration list for PBXProject "EvilFartz" */;
			compatibilityVersion = "Xcode 3.2";
			developmentRegion = English;
			hasScannedForEncodings = 0;
			knownRegions = (
				en,
				Base,
			);
			mainGroup = 4F6C93201C62CF8E00F830E9;
			productRefGroup = 4F6C932A1C62CF8E00F830E9 /* Products */;
			projectDirPath = "";
			projectRoot = "";
			targets = (
				4F6C93281C62CF8E00F830E9 /* EvilFartz */,
				4F6C93411C62CF8E00F830E9 /* EvilFartzTests */,
				4F6C934C1C62CF8E00F830E9 /* EvilFartzUITests */,
			);
		};
/* End PBXProject section */

/* Begin PBXResourcesBuildPhase section */
		4F6C93271C62CF8E00F830E9 /* Resources */ = {
			isa = PBXResourcesBuildPhase;
			buildActionMask = 2147483647;
			files = (
				4F6C938F1C62D0BB00F830E9 /* ninja-whack.mp3 in Resources */,
				4F6C938D1C62D0BB00F830E9 /* laser-prep.mp3 in Resources */,
				4F6C937E1C62D0BB00F830E9 /* achievement.wav in Resources */,
				4F6C93931C62D0BB00F830E9 /* select-classic.wav in Resources */,
				4F6C933C1C62CF8E00F830E9 /* LaunchScreen.storyboard in Resources */,
				4F6C93971C62D0BB00F830E9 /* whoosh.mp3 in Resources */,
				4F6C93391C62CF8E00F830E9 /* Assets.xcassets in Resources */,
				4F6C93861C62D0BB00F830E9 /* click1.mp3 in Resources */,
				4F6C93911C62D0BB00F830E9 /* notice.mp3 in Resources */,
				4F6C93831C62D0BB00F830E9 /* cake-full.aif in Resources */,
				4F6C93941C62D0BB00F830E9 /* small-applause.mp3 in Resources */,
				4F6C93801C62D0BB00F830E9 /* boo.mp3 in Resources */,
				4F6C938B1C62D0BB00F830E9 /* ho.mp3 in Resources */,
				4F6C938A1C62D0BB00F830E9 /* gavel.mp3 in Resources */,
				4F6C938E1C62D0BB00F830E9 /* ninja-sword.mp3 in Resources */,
				4F6C93821C62D0BB00F830E9 /* bubble1.wav in Resources */,
				4F6C93811C62D0BB00F830E9 /* bubble.wav in Resources */,
				4F6C937F1C62D0BB00F830E9 /* ahh-nicely.mp3 in Resources */,
				4F6C93871C62D0BB00F830E9 /* doom.mp3 in Resources */,
				4F6C93961C62D0BB00F830E9 /* start-echo.mp3 in Resources */,
				4F6C93921C62D0BB00F830E9 /* sad-trombone.aiff in Resources */,
				4F6C93951C62D0BB00F830E9 /* sonar.mp3 in Resources */,
				4F6C938C1C62D0BB00F830E9 /* laser-prep-reverse.mp3 in Resources */,
				4F6C93841C62D0BB00F830E9 /* chat_incoming.mp3 in Resources */,
				4F6C93901C62D0BB00F830E9 /* ninja-whoosh.mp3 in Resources */,
				4F6C93881C62D0BB00F830E9 /* drumroll.mp3 in Resources */,
				4F6C93891C62D0BB00F830E9 /* elevator-badspeakers.mp3 in Resources */,
				4F6C93851C62D0BB00F830E9 /* click0.mp3 in Resources */,
				4F6C93371C62CF8E00F830E9 /* Main.storyboard in Resources */,
			);
			runOnlyForDeploymentPostprocessing = 0;
		};
		4F6C93401C62CF8E00F830E9 /* Resources */ = {
			isa = PBXResourcesBuildPhase;
			buildActionMask = 2147483647;
			files = (
			);
			runOnlyForDeploymentPostprocessing = 0;
		};
		4F6C934B1C62CF8E00F830E9 /* Resources */ = {
			isa = PBXResourcesBuildPhase;
			buildActionMask = 2147483647;
			files = (
			);
			runOnlyForDeploymentPostprocessing = 0;
		};
/* End PBXResourcesBuildPhase section */

/* Begin PBXSourcesBuildPhase section */
		4F6C93251C62CF8E00F830E9 /* Sources */ = {
			isa = PBXSourcesBuildPhase;
			buildActionMask = 2147483647;
			files = (
				4FCB97451C669B0900A09C8A /* ActiveSoundsTableViewController.m in Sources */,
				4F6C93341C62CF8E00F830E9 /* ViewController.m in Sources */,
				4F4775341C66C2F600315C01 /* ActivePlayer.m in Sources */,
				4FCB973F1C66820400A09C8A /* ControlView.m in Sources */,
				4F6C93611C62CFE000F830E9 /* SoundManager.m in Sources */,
				4F6C93311C62CF8E00F830E9 /* AppDelegate.m in Sources */,
				4FCB97421C6699CF00A09C8A /* FileNameTableViewController.m in Sources */,
				4F6C932E1C62CF8E00F830E9 /* main.m in Sources */,
			);
			runOnlyForDeploymentPostprocessing = 0;
		};
		4F6C933E1C62CF8E00F830E9 /* Sources */ = {
			isa = PBXSourcesBuildPhase;
			buildActionMask = 2147483647;
			files = (
				4F6C93471C62CF8E00F830E9 /* EvilFartzTests.m in Sources */,
			);
			runOnlyForDeploymentPostprocessing = 0;
		};
		4F6C93491C62CF8E00F830E9 /* Sources */ = {
			isa = PBXSourcesBuildPhase;
			buildActionMask = 2147483647;
			files = (
				4F6C93521C62CF8E00F830E9 /* EvilFartzUITests.m in Sources */,
			);
			runOnlyForDeploymentPostprocessing = 0;
		};
/* End PBXSourcesBuildPhase section */

/* Begin PBXTargetDependency section */
		4F6C93441C62CF8E00F830E9 /* PBXTargetDependency */ = {
			isa = PBXTargetDependency;
			target = 4F6C93281C62CF8E00F830E9 /* EvilFartz */;
			targetProxy = 4F6C93431C62CF8E00F830E9 /* PBXContainerItemProxy */;
		};
		4F6C934F1C62CF8E00F830E9 /* PBXTargetDependency */ = {
			isa = PBXTargetDependency;
			target = 4F6C93281C62CF8E00F830E9 /* EvilFartz */;
			targetProxy = 4F6C934E1C62CF8E00F830E9 /* PBXContainerItemProxy */;
		};
/* End PBXTargetDependency section */

/* Begin PBXVariantGroup section */
		4F6C93351C62CF8E00F830E9 /* Main.storyboard */ = {
			isa = PBXVariantGroup;
			children = (
				4F6C93361C62CF8E00F830E9 /* Base */,
			);
			name = Main.storyboard;
			sourceTree = "<group>";
		};
		4F6C933A1C62CF8E00F830E9 /* LaunchScreen.storyboard */ = {
			isa = PBXVariantGroup;
			children = (
				4F6C933B1C62CF8E00F830E9 /* Base */,
			);
			name = LaunchScreen.storyboard;
			sourceTree = "<group>";
		};
/* End PBXVariantGroup section */

/* Begin XCBuildConfiguration section */
		4F6C93541C62CF8E00F830E9 /* Debug */ = {
			isa = XCBuildConfiguration;
			buildSettings = {
				ALWAYS_SEARCH_USER_PATHS = NO;
				CLANG_CXX_LANGUAGE_STANDARD = "gnu++0x";
				CLANG_CXX_LIBRARY = "libc++";
				CLANG_ENABLE_MODULES = YES;
				CLANG_ENABLE_OBJC_ARC = YES;
				CLANG_WARN_BOOL_CONVERSION = YES;
				CLANG_WARN_CONSTANT_CONVERSION = YES;
				CLANG_WARN_DIRECT_OBJC_ISA_USAGE = YES_ERROR;
				CLANG_WARN_EMPTY_BODY = YES;
				CLANG_WARN_ENUM_CONVERSION = YES;
				CLANG_WARN_INT_CONVERSION = YES;
				CLANG_WARN_OBJC_ROOT_CLASS = YES_ERROR;
				CLANG_WARN_UNREACHABLE_CODE = YES;
				CLANG_WARN__DUPLICATE_METHOD_MATCH = YES;
				"CODE_SIGN_IDENTITY[sdk=iphoneos*]" = "iPhone Developer";
				COPY_PHASE_STRIP = NO;
				DEBUG_INFORMATION_FORMAT = dwarf;
				ENABLE_STRICT_OBJC_MSGSEND = YES;
				ENABLE_TESTABILITY = YES;
				GCC_C_LANGUAGE_STANDARD = gnu99;
				GCC_DYNAMIC_NO_PIC = NO;
				GCC_NO_COMMON_BLOCKS = YES;
				GCC_OPTIMIZATION_LEVEL = 0;
				GCC_PREPROCESSOR_DEFINITIONS = (
					"DEBUG=1",
					"$(inherited)",
				);
				GCC_WARN_64_TO_32_BIT_CONVERSION = YES;
				GCC_WARN_ABOUT_RETURN_TYPE = YES_ERROR;
				GCC_WARN_UNDECLARED_SELECTOR = YES;
				GCC_WARN_UNINITIALIZED_AUTOS = YES_AGGRESSIVE;
				GCC_WARN_UNUSED_FUNCTION = YES;
				GCC_WARN_UNUSED_VARIABLE = YES;
				IPHONEOS_DEPLOYMENT_TARGET = 9.2;
				MTL_ENABLE_DEBUG_INFO = YES;
				ONLY_ACTIVE_ARCH = YES;
				SDKROOT = iphoneos;
				TARGETED_DEVICE_FAMILY = "1,2";
			};
			name = Debug;
		};
		4F6C93551C62CF8E00F830E9 /* Release */ = {
			isa = XCBuildConfiguration;
			buildSettings = {
				ALWAYS_SEARCH_USER_PATHS = NO;
				CLANG_CXX_LANGUAGE_STANDARD = "gnu++0x";
				CLANG_CXX_LIBRARY = "libc++";
				CLANG_ENABLE_MODULES = YES;
				CLANG_ENABLE_OBJC_ARC = YES;
				CLANG_WARN_BOOL_CONVERSION = YES;
				CLANG_WARN_CONSTANT_CONVERSION = YES;
				CLANG_WARN_DIRECT_OBJC_ISA_USAGE = YES_ERROR;
				CLANG_WARN_EMPTY_BODY = YES;
				CLANG_WARN_ENUM_CONVERSION = YES;
				CLANG_WARN_INT_CONVERSION = YES;
				CLANG_WARN_OBJC_ROOT_CLASS = YES_ERROR;
				CLANG_WARN_UNREACHABLE_CODE = YES;
				CLANG_WARN__DUPLICATE_METHOD_MATCH = YES;
				"CODE_SIGN_IDENTITY[sdk=iphoneos*]" = "iPhone Developer";
				COPY_PHASE_STRIP = NO;
				DEBUG_INFORMATION_FORMAT = "dwarf-with-dsym";
				ENABLE_NS_ASSERTIONS = NO;
				ENABLE_STRICT_OBJC_MSGSEND = YES;
				GCC_C_LANGUAGE_STANDARD = gnu99;
				GCC_NO_COMMON_BLOCKS = YES;
				GCC_WARN_64_TO_32_BIT_CONVERSION = YES;
				GCC_WARN_ABOUT_RETURN_TYPE = YES_ERROR;
				GCC_WARN_UNDECLARED_SELECTOR = YES;
				GCC_WARN_UNINITIALIZED_AUTOS = YES_AGGRESSIVE;
				GCC_WARN_UNUSED_FUNCTION = YES;
				GCC_WARN_UNUSED_VARIABLE = YES;
				IPHONEOS_DEPLOYMENT_TARGET = 9.2;
				MTL_ENABLE_DEBUG_INFO = NO;
				SDKROOT = iphoneos;
				TARGETED_DEVICE_FAMILY = "1,2";
				VALIDATE_PRODUCT = YES;
			};
			name = Release;
		};
		4F6C93571C62CF8E00F830E9 /* Debug */ = {
			isa = XCBuildConfiguration;
			buildSettings = {
				ASSETCATALOG_COMPILER_APPICON_NAME = AppIcon;
				INFOPLIST_FILE = EvilFartz/Info.plist;
				IPHONEOS_DEPLOYMENT_TARGET = 7.0;
				LD_RUNPATH_SEARCH_PATHS = "$(inherited) @executable_path/Frameworks";
				PRODUCT_BUNDLE_IDENTIFIER = com.sjhennion.EvilFartz;
				PRODUCT_NAME = "$(TARGET_NAME)";
			};
			name = Debug;
		};
		4F6C93581C62CF8E00F830E9 /* Release */ = {
			isa = XCBuildConfiguration;
			buildSettings = {
				ASSETCATALOG_COMPILER_APPICON_NAME = AppIcon;
				INFOPLIST_FILE = EvilFartz/Info.plist;
				IPHONEOS_DEPLOYMENT_TARGET = 7.0;
				LD_RUNPATH_SEARCH_PATHS = "$(inherited) @executable_path/Frameworks";
				PRODUCT_BUNDLE_IDENTIFIER = com.sjhennion.EvilFartz;
				PRODUCT_NAME = "$(TARGET_NAME)";
			};
			name = Release;
		};
		4F6C935A1C62CF8E00F830E9 /* Debug */ = {
			isa = XCBuildConfiguration;
			buildSettings = {
				BUNDLE_LOADER = "$(TEST_HOST)";
				INFOPLIST_FILE = EvilFartzTests/Info.plist;
				LD_RUNPATH_SEARCH_PATHS = "$(inherited) @executable_path/Frameworks @loader_path/Frameworks";
				PRODUCT_BUNDLE_IDENTIFIER = com.sjhennion.EvilFartzTests;
				PRODUCT_NAME = "$(TARGET_NAME)";
				TEST_HOST = "$(BUILT_PRODUCTS_DIR)/EvilFartz.app/EvilFartz";
			};
			name = Debug;
		};
		4F6C935B1C62CF8E00F830E9 /* Release */ = {
			isa = XCBuildConfiguration;
			buildSettings = {
				BUNDLE_LOADER = "$(TEST_HOST)";
				INFOPLIST_FILE = EvilFartzTests/Info.plist;
				LD_RUNPATH_SEARCH_PATHS = "$(inherited) @executable_path/Frameworks @loader_path/Frameworks";
				PRODUCT_BUNDLE_IDENTIFIER = com.sjhennion.EvilFartzTests;
				PRODUCT_NAME = "$(TARGET_NAME)";
				TEST_HOST = "$(BUILT_PRODUCTS_DIR)/EvilFartz.app/EvilFartz";
			};
			name = Release;
		};
		4F6C935D1C62CF8E00F830E9 /* Debug */ = {
			isa = XCBuildConfiguration;
			buildSettings = {
				INFOPLIST_FILE = EvilFartzUITests/Info.plist;
				LD_RUNPATH_SEARCH_PATHS = "$(inherited) @executable_path/Frameworks @loader_path/Frameworks";
				PRODUCT_BUNDLE_IDENTIFIER = com.sjhennion.EvilFartzUITests;
				PRODUCT_NAME = "$(TARGET_NAME)";
				TEST_TARGET_NAME = EvilFartz;
				USES_XCTRUNNER = YES;
			};
			name = Debug;
		};
		4F6C935E1C62CF8E00F830E9 /* Release */ = {
			isa = XCBuildConfiguration;
			buildSettings = {
				INFOPLIST_FILE = EvilFartzUITests/Info.plist;
				LD_RUNPATH_SEARCH_PATHS = "$(inherited) @executable_path/Frameworks @loader_path/Frameworks";
				PRODUCT_BUNDLE_IDENTIFIER = com.sjhennion.EvilFartzUITests;
				PRODUCT_NAME = "$(TARGET_NAME)";
				TEST_TARGET_NAME = EvilFartz;
				USES_XCTRUNNER = YES;
			};
			name = Release;
		};
/* End XCBuildConfiguration section */

/* Begin XCConfigurationList section */
		4F6C93241C62CF8E00F830E9 /* Build configuration list for PBXProject "EvilFartz" */ = {
			isa = XCConfigurationList;
			buildConfigurations = (
				4F6C93541C62CF8E00F830E9 /* Debug */,
				4F6C93551C62CF8E00F830E9 /* Release */,
			);
			defaultConfigurationIsVisible = 0;
			defaultConfigurationName = Release;
		};
		4F6C93561C62CF8E00F830E9 /* Build configuration list for PBXNativeTarget "EvilFartz" */ = {
			isa = XCConfigurationList;
			buildConfigurations = (
				4F6C93571C62CF8E00F830E9 /* Debug */,
				4F6C93581C62CF8E00F830E9 /* Release */,
			);
			defaultConfigurationIsVisible = 0;
			defaultConfigurationName = Release;
		};
		4F6C93591C62CF8E00F830E9 /* Build configuration list for PBXNativeTarget "EvilFartzTests" */ = {
			isa = XCConfigurationList;
			buildConfigurations = (
				4F6C935A1C62CF8E00F830E9 /* Debug */,
				4F6C935B1C62CF8E00F830E9 /* Release */,
			);
			defaultConfigurationIsVisible = 0;
			defaultConfigurationName = Release;
		};
		4F6C935C1C62CF8E00F830E9 /* Build configuration list for PBXNativeTarget "EvilFartzUITests" */ = {
			isa = XCConfigurationList;
			buildConfigurations = (
				4F6C935D1C62CF8E00F830E9 /* Debug */,
				4F6C935E1C62CF8E00F830E9 /* Release */,
			);
			defaultConfigurationIsVisible = 0;
			defaultConfigurationName = Release;
		};
/* End XCConfigurationList section */
	};
	rootObject = 4F6C93211C62CF8E00F830E9 /* Project object */;
}
